
Microsoft Visual Studio Solution File, Format Version 12.00
# Visual Studio Version 17
VisualStudioVersion = 17.8.34511.84
MinimumVisualStudioVersion = 10.0.40219.1
Project("{FAE04EC0-301F-11D3-BF4B-00C04F79EFBC}") = "1", "Basic Syntax, Conditional Statements and Loops\1.csproj", "{28DD06B7-C14A-43C4-84B4-F2103E2DE2E0}"
EndProject
Project("{FAE04EC0-301F-11D3-BF4B-00C04F79EFBC}") = "2", "2\2.csproj", "{22C926D6-312C-493E-884A-068F31D6D4A1}"
EndProject
Project("{FAE04EC0-301F-11D3-BF4B-00C04F79EFBC}") = "3", "3\3.csproj", "{F107C670-3298-4C68-8D89-1DE749B52ED6}"
EndProject
Project("{FAE04EC0-301F-11D3-BF4B-00C04F79EFBC}") = "4", "4\4.csproj", "{BD3CFAEE-11D4-455F-8AFA-5B9A2A2E4285}"
EndProject
Project("{FAE04EC0-301F-11D3-BF4B-00C04F79EFBC}") = "5", "5\5.csproj", "{F9FE21D6-95D4-4D43-AACC-F54166EC8A20}"
EndProject
Project("{FAE04EC0-301F-11D3-BF4B-00C04F79EFBC}") = "6", "6\6.csproj", "{9E01D604-7D48-4210-A407-AB3A190C64DA}"
EndProject
Project("{FAE04EC0-301F-11D3-BF4B-00C04F79EFBC}") = "7", "7\7.csproj", "{192EA46C-E967-41F1-A33E-A2945870CE23}"
EndProject
Project("{FAE04EC0-301F-11D3-BF4B-00C04F79EFBC}") = "8", "8\8.csproj", "{905E411B-C6AA-4016-AF0F-F6BE14C2C7C4}"
EndProject
Project("{FAE04EC0-301F-11D3-BF4B-00C04F79EFBC}") = "9", "9\9.csproj", "{AC9A7183-F5E5-4D97-B888-1E4996F393BE}"
EndProject
Project("{FAE04EC0-301F-11D3-BF4B-00C04F79EFBC}") = "10", "10\10.csproj", "{582516CE-AAEC-4F07-A105-73BB7D67CC71}"
EndProject
Project("{FAE04EC0-301F-11D3-BF4B-00C04F79EFBC}") = "11", "11\11.csproj", "{4B2515F9-8FE5-48D1-A325-F802AA4A03FB}"
EndProject
Project("{FAE04EC0-301F-11D3-BF4B-00C04F79EFBC}") = "12", "12\12.csproj", "{3837E082-6CA6-485B-B901-82B435651BA3}"
EndProject
Project("{FAE04EC0-301F-11D3-BF4B-00C04F79EFBC}") = "13", "13\13.csproj", "{FB1DA009-5919-4186-992D-DD5A77288926}"
EndProject
Global
	GlobalSection(SolutionConfigurationPlatforms) = preSolution
		Debug|Any CPU = Debug|Any CPU
		Release|Any CPU = Release|Any CPU
	EndGlobalSection
	GlobalSection(ProjectConfigurationPlatforms) = postSolution
		{28DD06B7-C14A-43C4-84B4-F2103E2DE2E0}.Debug|Any CPU.ActiveCfg = Debug|Any CPU
		{28DD06B7-C14A-43C4-84B4-F2103E2DE2E0}.Debug|Any CPU.Build.0 = Debug|Any CPU
		{28DD06B7-C14A-43C4-84B4-F2103E2DE2E0}.Release|Any CPU.ActiveCfg = Release|Any CPU
		{28DD06B7-C14A-43C4-84B4-F2103E2DE2E0}.Release|Any CPU.Build.0 = Release|Any CPU
		{22C926D6-312C-493E-884A-068F31D6D4A1}.Debug|Any CPU.ActiveCfg = Debug|Any CPU
		{22C926D6-312C-493E-884A-068F31D6D4A1}.Debug|Any CPU.Build.0 = Debug|Any CPU
		{22C926D6-312C-493E-884A-068F31D6D4A1}.Release|Any CPU.ActiveCfg = Release|Any CPU
		{22C926D6-312C-493E-884A-068F31D6D4A1}.Release|Any CPU.Build.0 = Release|Any CPU
		{F107C670-3298-4C68-8D89-1DE749B52ED6}.Debug|Any CPU.ActiveCfg = Debug|Any CPU
		{F107C670-3298-4C68-8D89-1DE749B52ED6}.Debug|Any CPU.Build.0 = Debug|Any CPU
		{F107C670-3298-4C68-8D89-1DE749B52ED6}.Release|Any CPU.ActiveCfg = Release|Any CPU
		{F107C670-3298-4C68-8D89-1DE749B52ED6}.Release|Any CPU.Build.0 = Release|Any CPU
		{BD3CFAEE-11D4-455F-8AFA-5B9A2A2E4285}.Debug|Any CPU.ActiveCfg = Debug|Any CPU
		{BD3CFAEE-11D4-455F-8AFA-5B9A2A2E4285}.Debug|Any CPU.Build.0 = Debug|Any CPU
		{BD3CFAEE-11D4-455F-8AFA-5B9A2A2E4285}.Release|Any CPU.ActiveCfg = Release|Any CPU
		{BD3CFAEE-11D4-455F-8AFA-5B9A2A2E4285}.Release|Any CPU.Build.0 = Release|Any CPU
		{F9FE21D6-95D4-4D43-AACC-F54166EC8A20}.Debug|Any CPU.ActiveCfg = Debug|Any CPU
		{F9FE21D6-95D4-4D43-AACC-F54166EC8A20}.Debug|Any CPU.Build.0 = Debug|Any CPU
		{F9FE21D6-95D4-4D43-AACC-F54166EC8A20}.Release|Any CPU.ActiveCfg = Release|Any CPU
		{F9FE21D6-95D4-4D43-AACC-F54166EC8A20}.Release|Any CPU.Build.0 = Release|Any CPU
		{9E01D604-7D48-4210-A407-AB3A190C64DA}.Debug|Any CPU.ActiveCfg = Debug|Any CPU
		{9E01D604-7D48-4210-A407-AB3A190C64DA}.Debug|Any CPU.Build.0 = Debug|Any CPU
		{9E01D604-7D48-4210-A407-AB3A190C64DA}.Release|Any CPU.ActiveCfg = Release|Any CPU
		{9E01D604-7D48-4210-A407-AB3A190C64DA}.Release|Any CPU.Build.0 = Release|Any CPU
		{192EA46C-E967-41F1-A33E-A2945870CE23}.Debug|Any CPU.ActiveCfg = Debug|Any CPU
		{192EA46C-E967-41F1-A33E-A2945870CE23}.Debug|Any CPU.Build.0 = Debug|Any CPU
		{192EA46C-E967-41F1-A33E-A2945870CE23}.Release|Any CPU.ActiveCfg = Release|Any CPU
		{192EA46C-E967-41F1-A33E-A2945870CE23}.Release|Any CPU.Build.0 = Release|Any CPU
		{905E411B-C6AA-4016-AF0F-F6BE14C2C7C4}.Debug|Any CPU.ActiveCfg = Debug|Any CPU
		{905E411B-C6AA-4016-AF0F-F6BE14C2C7C4}.Debug|Any CPU.Build.0 = Debug|Any CPU
		{905E411B-C6AA-4016-AF0F-F6BE14C2C7C4}.Release|Any CPU.ActiveCfg = Release|Any CPU
		{905E411B-C6AA-4016-AF0F-F6BE14C2C7C4}.Release|Any CPU.Build.0 = Release|Any CPU
		{AC9A7183-F5E5-4D97-B888-1E4996F393BE}.Debug|Any CPU.ActiveCfg = Debug|Any CPU
		{AC9A7183-F5E5-4D97-B888-1E4996F393BE}.Debug|Any CPU.Build.0 = Debug|Any CPU
		{AC9A7183-F5E5-4D97-B888-1E4996F393BE}.Release|Any CPU.ActiveCfg = Release|Any CPU
		{AC9A7183-F5E5-4D97-B888-1E4996F393BE}.Release|Any CPU.Build.0 = Release|Any CPU
		{582516CE-AAEC-4F07-A105-73BB7D67CC71}.Debug|Any CPU.ActiveCfg = Debug|Any CPU
		{582516CE-AAEC-4F07-A105-73BB7D67CC71}.Debug|Any CPU.Build.0 = Debug|Any CPU
		{582516CE-AAEC-4F07-A105-73BB7D67CC71}.Release|Any CPU.ActiveCfg = Release|Any CPU
		{582516CE-AAEC-4F07-A105-73BB7D67CC71}.Release|Any CPU.Build.0 = Release|Any CPU
		{4B2515F9-8FE5-48D1-A325-F802AA4A03FB}.Debug|Any CPU.ActiveCfg = Debug|Any CPU
		{4B2515F9-8FE5-48D1-A325-F802AA4A03FB}.Debug|Any CPU.Build.0 = Debug|Any CPU
		{4B2515F9-8FE5-48D1-A325-F802AA4A03FB}.Release|Any CPU.ActiveCfg = Release|Any CPU
		{4B2515F9-8FE5-48D1-A325-F802AA4A03FB}.Release|Any CPU.Build.0 = Release|Any CPU
		{3837E082-6CA6-485B-B901-82B435651BA3}.Debug|Any CPU.ActiveCfg = Debug|Any CPU
		{3837E082-6CA6-485B-B901-82B435651BA3}.Debug|Any CPU.Build.0 = Debug|Any CPU
		{3837E082-6CA6-485B-B901-82B435651BA3}.Release|Any CPU.ActiveCfg = Release|Any CPU
		{3837E082-6CA6-485B-B901-82B435651BA3}.Release|Any CPU.Build.0 = Release|Any CPU
		{FB1DA009-5919-4186-992D-DD5A77288926}.Debug|Any CPU.ActiveCfg = Debug|Any CPU
		{FB1DA009-5919-4186-992D-DD5A77288926}.Debug|Any CPU.Build.0 = Debug|Any CPU
		{FB1DA009-5919-4186-992D-DD5A77288926}.Release|Any CPU.ActiveCfg = Release|Any CPU
		{FB1DA009-5919-4186-992D-DD5A77288926}.Release|Any CPU.Build.0 = Release|Any CPU
	EndGlobalSection
	GlobalSection(SolutionProperties) = preSolution
		HideSolutionNode = FALSE
	EndGlobalSection
	GlobalSection(ExtensibilityGlobals) = postSolution
		SolutionGuid = {B47EDF30-203C-4862-8250-7FFB61D5DA51}
	EndGlobalSection
EndGlobal
